#include <iostream>

using namespace std;
void menu()
{
    cout << "================================="<< endl;
    cout << "Menu Utama" << endl;
    cout << "1. Burger       Harga = Rp15.000" << endl;
    cout << "2. French fries Harga = Rp10.000" << endl;
    cout << "3. Coca-Cola    Harga = Rp8.000" << endl;
    cout << "4. Combo meal   Harga = Rp26.400" << endl;
    cout << "=================================" <<endl;
}

int bayar_kas (int uang, int jumlah, int k)
{
    if(k == 1){
        return uang - jumlah;
    }
    else if(k == 2){
        return uang - (jumlah - (jumlah*0.1));
    }
}

class takeout
{
   public:
       void menu_takeout()
       {
           cout << "================================" << endl;
           cout << "Menu Take-Out" << endl;
           cout << "1. Ice Cream   Harga = Rp8.000" << endl;
           cout << "2. Pie         Harga = Rp16.000" << endl;
           cout << "3. Roti Hangat Harga = Rp11.000" << endl;
           cout << "================================" << endl;
       }

};
int main()
{
   takeout obj;
   int x, y, q,w,e,r;
   int hasil=0;
   char o,t,l ;
   string menu2[4] ={"Burger", "French Fries", "Coca-cola", "Combo Meal"};
   string takeout2[3] = {"Ice Cream", "Pie", "Roti"};
   int harga[4] ={15000,10000,8000,26400};
   int harga_takeout[3] = {8000,16000,11000};
 
 
   cout <<"===========================" << endl;
   cout <<"Selamat datang" << endl;
   cout <<"===========================" << endl;
   cout << endl;
   menu();
